// !$*UTF8*$!
{
	archiveVersion = 1;
	classes = {
	};
	objectVersion = 55;
	objects = {

/* Begin PBXBuildFile section */
		F730F3CB27C3770E00507E71 /* ProfilesView.swift in Sources */ = {isa = PBXBuildFile; fileRef = F730F3CA27C3770E00507E71 /* ProfilesView.swift */; };
		F730F3CD27C3786A00507E71 /* ProfileView.swift in Sources */ = {isa = PBXBuildFile; fileRef = F730F3CC27C3786A00507E71 /* ProfileView.swift */; };
		F730F3D027C42B9A00507E71 /* SessionDetailView.swift in Sources */ = {isa = PBXBuildFile; fileRef = F730F3CF27C42B9A00507E71 /* SessionDetailView.swift */; };
		F76B146927C2ECCB00D78FFF /* ActivitySpeechSynthesizer.swift in Sources */ = {isa = PBXBuildFile; fileRef = F76B146827C2ECCB00D78FFF /* ActivitySpeechSynthesizer.swift */; };
		F78A35CB27BF64410004ADE4 /* CoachApp.swift in Sources */ = {isa = PBXBuildFile; fileRef = F78A35CA27BF64410004ADE4 /* CoachApp.swift */; };
		F78A35CD27BF64410004ADE4 /* ContentView.swift in Sources */ = {isa = PBXBuildFile; fileRef = F78A35CC27BF64410004ADE4 /* ContentView.swift */; };
		F78A35CF27BF64420004ADE4 /* Assets.xcassets in Resources */ = {isa = PBXBuildFile; fileRef = F78A35CE27BF64420004ADE4 /* Assets.xcassets */; };
		F78A35D227BF64420004ADE4 /* Preview Assets.xcassets in Resources */ = {isa = PBXBuildFile; fileRef = F78A35D127BF64420004ADE4 /* Preview Assets.xcassets */; };
		F78A35DA27BF64600004ADE4 /* Profile.swift in Sources */ = {isa = PBXBuildFile; fileRef = F78A35D927BF64600004ADE4 /* Profile.swift */; };
		F78A35DD27BF6AA00004ADE4 /* SessionView.swift in Sources */ = {isa = PBXBuildFile; fileRef = F78A35DC27BF6AA00004ADE4 /* SessionView.swift */; };
		F78A35DF27BF6B320004ADE4 /* SessionHeaderView.swift in Sources */ = {isa = PBXBuildFile; fileRef = F78A35DE27BF6B320004ADE4 /* SessionHeaderView.swift */; };
		F78A35E127BF6B900004ADE4 /* Theme.swift in Sources */ = {isa = PBXBuildFile; fileRef = F78A35E027BF6B900004ADE4 /* Theme.swift */; };
		F7988A1527BF743A00E10648 /* SessionProgressViewStyle.swift in Sources */ = {isa = PBXBuildFile; fileRef = F7988A1427BF743A00E10648 /* SessionProgressViewStyle.swift */; };
		F7988A1727BF77BD00E10648 /* TrailingIconLabelStyle.swift in Sources */ = {isa = PBXBuildFile; fileRef = F7988A1627BF77BD00E10648 /* TrailingIconLabelStyle.swift */; };
		F7988A1927BF7CC000E10648 /* SessionFooterView.swift in Sources */ = {isa = PBXBuildFile; fileRef = F7988A1827BF7CC000E10648 /* SessionFooterView.swift */; };
		F7988A1B27BF8A1000E10648 /* ActivityTimer.swift in Sources */ = {isa = PBXBuildFile; fileRef = F7988A1A27BF8A1000E10648 /* ActivityTimer.swift */; };
		F7988A1D27BF8E7B00E10648 /* Session.swift in Sources */ = {isa = PBXBuildFile; fileRef = F7988A1C27BF8E7B00E10648 /* Session.swift */; };
		F7EF885927C4771F007BB502 /* SessionEditView.swift in Sources */ = {isa = PBXBuildFile; fileRef = F7EF885827C4771F007BB502 /* SessionEditView.swift */; };
		F7EF885B27C47939007BB502 /* ThemePickerView.swift in Sources */ = {isa = PBXBuildFile; fileRef = F7EF885A27C47939007BB502 /* ThemePickerView.swift */; };
		F7EF885D27C479A6007BB502 /* ThemeView.swift in Sources */ = {isa = PBXBuildFile; fileRef = F7EF885C27C479A6007BB502 /* ThemeView.swift */; };
		F7EF885F27C4AA83007BB502 /* ProfileStore.swift in Sources */ = {isa = PBXBuildFile; fileRef = F7EF885E27C4AA83007BB502 /* ProfileStore.swift */; };
		F7EF886327C4AF70007BB502 /* ProfileEditView.swift in Sources */ = {isa = PBXBuildFile; fileRef = F7EF886227C4AF70007BB502 /* ProfileEditView.swift */; };
/* End PBXBuildFile section */

/* Begin PBXFileReference section */
		F730F3CA27C3770E00507E71 /* ProfilesView.swift */ = {isa = PBXFileReference; lastKnownFileType = sourcecode.swift; path = ProfilesView.swift; sourceTree = "<group>"; };
		F730F3CC27C3786A00507E71 /* ProfileView.swift */ = {isa = PBXFileReference; lastKnownFileType = sourcecode.swift; path = ProfileView.swift; sourceTree = "<group>"; };
		F730F3CE27C403EE00507E71 /* Info.plist */ = {isa = PBXFileReference; lastKnownFileType = text.plist; path = Info.plist; sourceTree = "<group>"; };
		F730F3CF27C42B9A00507E71 /* SessionDetailView.swift */ = {isa = PBXFileReference; lastKnownFileType = sourcecode.swift; path = SessionDetailView.swift; sourceTree = "<group>"; };
		F76B146827C2ECCB00D78FFF /* ActivitySpeechSynthesizer.swift */ = {isa = PBXFileReference; lastKnownFileType = sourcecode.swift; path = ActivitySpeechSynthesizer.swift; sourceTree = "<group>"; };
		F78A35C727BF64410004ADE4 /* Coach.app */ = {isa = PBXFileReference; explicitFileType = wrapper.application; includeInIndex = 0; path = Coach.app; sourceTree = BUILT_PRODUCTS_DIR; };
		F78A35CA27BF64410004ADE4 /* CoachApp.swift */ = {isa = PBXFileReference; lastKnownFileType = sourcecode.swift; path = CoachApp.swift; sourceTree = "<group>"; };
		F78A35CC27BF64410004ADE4 /* ContentView.swift */ = {isa = PBXFileReference; lastKnownFileType = sourcecode.swift; path = ContentView.swift; sourceTree = "<group>"; };
		F78A35CE27BF64420004ADE4 /* Assets.xcassets */ = {isa = PBXFileReference; lastKnownFileType = folder.assetcatalog; path = Assets.xcassets; sourceTree = "<group>"; };
		F78A35D127BF64420004ADE4 /* Preview Assets.xcassets */ = {isa = PBXFileReference; lastKnownFileType = folder.assetcatalog; path = "Preview Assets.xcassets"; sourceTree = "<group>"; };
		F78A35D927BF64600004ADE4 /* Profile.swift */ = {isa = PBXFileReference; lastKnownFileType = sourcecode.swift; path = Profile.swift; sourceTree = "<group>"; };
		F78A35DC27BF6AA00004ADE4 /* SessionView.swift */ = {isa = PBXFileReference; lastKnownFileType = sourcecode.swift; path = SessionView.swift; sourceTree = "<group>"; };
		F78A35DE27BF6B320004ADE4 /* SessionHeaderView.swift */ = {isa = PBXFileReference; lastKnownFileType = sourcecode.swift; path = SessionHeaderView.swift; sourceTree = "<group>"; };
		F78A35E027BF6B900004ADE4 /* Theme.swift */ = {isa = PBXFileReference; lastKnownFileType = sourcecode.swift; path = Theme.swift; sourceTree = "<group>"; };
		F7988A1427BF743A00E10648 /* SessionProgressViewStyle.swift */ = {isa = PBXFileReference; lastKnownFileType = sourcecode.swift; path = SessionProgressViewStyle.swift; sourceTree = "<group>"; };
		F7988A1627BF77BD00E10648 /* TrailingIconLabelStyle.swift */ = {isa = PBXFileReference; lastKnownFileType = sourcecode.swift; path = TrailingIconLabelStyle.swift; sourceTree = "<group>"; };
		F7988A1827BF7CC000E10648 /* SessionFooterView.swift */ = {isa = PBXFileReference; lastKnownFileType = sourcecode.swift; path = SessionFooterView.swift; sourceTree = "<group>"; };
		F7988A1A27BF8A1000E10648 /* ActivityTimer.swift */ = {isa = PBXFileReference; lastKnownFileType = sourcecode.swift; path = ActivityTimer.swift; sourceTree = "<group>"; };
		F7988A1C27BF8E7B00E10648 /* Session.swift */ = {isa = PBXFileReference; lastKnownFileType = sourcecode.swift; path = Session.swift; sourceTree = "<group>"; };
		F7EF885827C4771F007BB502 /* SessionEditView.swift */ = {isa = PBXFileReference; lastKnownFileType = sourcecode.swift; path = SessionEditView.swift; sourceTree = "<group>"; };
		F7EF885A27C47939007BB502 /* ThemePickerView.swift */ = {isa = PBXFileReference; lastKnownFileType = sourcecode.swift; path = ThemePickerView.swift; sourceTree = "<group>"; };
		F7EF885C27C479A6007BB502 /* ThemeView.swift */ = {isa = PBXFileReference; lastKnownFileType = sourcecode.swift; path = ThemeView.swift; sourceTree = "<group>"; };
		F7EF885E27C4AA83007BB502 /* ProfileStore.swift */ = {isa = PBXFileReference; lastKnownFileType = sourcecode.swift; path = ProfileStore.swift; sourceTree = "<group>"; };
		F7EF886227C4AF70007BB502 /* ProfileEditView.swift */ = {isa = PBXFileReference; lastKnownFileType = sourcecode.swift; path = ProfileEditView.swift; sourceTree = "<group>"; };
/* End PBXFileReference section */

/* Begin PBXFrameworksBuildPhase section */
		F78A35C427BF64410004ADE4 /* Frameworks */ = {
			isa = PBXFrameworksBuildPhase;
			buildActionMask = 2147483647;
			files = (
			);
			runOnlyForDeploymentPostprocessing = 0;
		};
/* End PBXFrameworksBuildPhase section */

/* Begin PBXGroup section */
		F78A35BE27BF64400004ADE4 = {
			isa = PBXGroup;
			children = (
				F78A35C927BF64410004ADE4 /* Coach */,
				F78A35C827BF64410004ADE4 /* Products */,
			);
			sourceTree = "<group>";
		};
		F78A35C827BF64410004ADE4 /* Products */ = {
			isa = PBXGroup;
			children = (
				F78A35C727BF64410004ADE4 /* Coach.app */,
			);
			name = Products;
			sourceTree = "<group>";
		};
		F78A35C927BF64410004ADE4 /* Coach */ = {
			isa = PBXGroup;
			children = (
				F730F3CE27C403EE00507E71 /* Info.plist */,
				F7988A1327BF73F900E10648 /* Styles */,
				F78A35DB27BF6A270004ADE4 /* Views */,
				F78A35CA27BF64410004ADE4 /* CoachApp.swift */,
				F78A35CC27BF64410004ADE4 /* ContentView.swift */,
				F78A35D827BF644D0004ADE4 /* Models */,
				F78A35CE27BF64420004ADE4 /* Assets.xcassets */,
				F78A35D027BF64420004ADE4 /* Preview Content */,
			);
			path = Coach;
			sourceTree = "<group>";
		};
		F78A35D027BF64420004ADE4 /* Preview Content */ = {
			isa = PBXGroup;
			children = (
				F78A35D127BF64420004ADE4 /* Preview Assets.xcassets */,
			);
			path = "Preview Content";
			sourceTree = "<group>";
		};
		F78A35D827BF644D0004ADE4 /* Models */ = {
			isa = PBXGroup;
			children = (
				F78A35D927BF64600004ADE4 /* Profile.swift */,
				F7988A1A27BF8A1000E10648 /* ActivityTimer.swift */,
				F7988A1C27BF8E7B00E10648 /* Session.swift */,
				F76B146827C2ECCB00D78FFF /* ActivitySpeechSynthesizer.swift */,
				F7EF885E27C4AA83007BB502 /* ProfileStore.swift */,
			);
			path = Models;
			sourceTree = "<group>";
		};
		F78A35DB27BF6A270004ADE4 /* Views */ = {
			isa = PBXGroup;
			children = (
				F78A35DC27BF6AA00004ADE4 /* SessionView.swift */,
				F78A35DE27BF6B320004ADE4 /* SessionHeaderView.swift */,
				F7988A1827BF7CC000E10648 /* SessionFooterView.swift */,
				F730F3CA27C3770E00507E71 /* ProfilesView.swift */,
				F7EF886227C4AF70007BB502 /* ProfileEditView.swift */,
				F730F3CC27C3786A00507E71 /* ProfileView.swift */,
				F730F3CF27C42B9A00507E71 /* SessionDetailView.swift */,
				F7EF885827C4771F007BB502 /* SessionEditView.swift */,
				F7EF885A27C47939007BB502 /* ThemePickerView.swift */,
				F7EF885C27C479A6007BB502 /* ThemeView.swift */,
			);
			path = Views;
			sourceTree = "<group>";
		};
		F7988A1327BF73F900E10648 /* Styles */ = {
			isa = PBXGroup;
			children = (
				F78A35E027BF6B900004ADE4 /* Theme.swift */,
				F7988A1427BF743A00E10648 /* SessionProgressViewStyle.swift */,
				F7988A1627BF77BD00E10648 /* TrailingIconLabelStyle.swift */,
			);
			path = Styles;
			sourceTree = "<group>";
		};
/* End PBXGroup section */

/* Begin PBXNativeTarget section */
		F78A35C627BF64410004ADE4 /* Coach */ = {
			isa = PBXNativeTarget;
			buildConfigurationList = F78A35D527BF64420004ADE4 /* Build configuration list for PBXNativeTarget "Coach" */;
			buildPhases = (
				F78A35C327BF64410004ADE4 /* Sources */,
				F78A35C427BF64410004ADE4 /* Frameworks */,
				F78A35C527BF64410004ADE4 /* Resources */,
			);
			buildRules = (
			);
			dependencies = (
			);
			name = Coach;
			productName = Coach;
			productReference = F78A35C727BF64410004ADE4 /* Coach.app */;
			productType = "com.apple.product-type.application";
		};
/* End PBXNativeTarget section */

/* Begin PBXProject section */
		F78A35BF27BF64400004ADE4 /* Project object */ = {
			isa = PBXProject;
			attributes = {
				BuildIndependentTargetsInParallel = 1;
				LastSwiftUpdateCheck = 1320;
				LastUpgradeCheck = 1320;
				TargetAttributes = {
					F78A35C627BF64410004ADE4 = {
						CreatedOnToolsVersion = 13.2.1;
					};
				};
			};
			buildConfigurationList = F78A35C227BF64400004ADE4 /* Build configuration list for PBXProject "Coach" */;
			compatibilityVersion = "Xcode 13.0";
			developmentRegion = en;
			hasScannedForEncodings = 0;
			knownRegions = (
				en,
				Base,
			);
			mainGroup = F78A35BE27BF64400004ADE4;
			productRefGroup = F78A35C827BF64410004ADE4 /* Products */;
			projectDirPath = "";
			projectRoot = "";
			targets = (
				F78A35C627BF64410004ADE4 /* Coach */,
			);
		};
/* End PBXProject section */

/* Begin PBXResourcesBuildPhase section */
		F78A35C527BF64410004ADE4 /* Resources */ = {
			isa = PBXResourcesBuildPhase;
			buildActionMask = 2147483647;
			files = (
				F78A35D227BF64420004ADE4 /* Preview Assets.xcassets in Resources */,
				F78A35CF27BF64420004ADE4 /* Assets.xcassets in Resources */,
			);
			runOnlyForDeploymentPostprocessing = 0;
		};
/* End PBXResourcesBuildPhase section */

/* Begin PBXSourcesBuildPhase section */
		F78A35C327BF64410004ADE4 /* Sources */ = {
			isa = PBXSourcesBuildPhase;
			buildActionMask = 2147483647;
			files = (
				F7988A1B27BF8A1000E10648 /* ActivityTimer.swift in Sources */,
				F78A35CD27BF64410004ADE4 /* ContentView.swift in Sources */,
				F7EF886327C4AF70007BB502 /* ProfileEditView.swift in Sources */,
				F7988A1927BF7CC000E10648 /* SessionFooterView.swift in Sources */,
				F76B146927C2ECCB00D78FFF /* ActivitySpeechSynthesizer.swift in Sources */,
				F7EF885F27C4AA83007BB502 /* ProfileStore.swift in Sources */,
				F78A35DF27BF6B320004ADE4 /* SessionHeaderView.swift in Sources */,
				F7EF885927C4771F007BB502 /* SessionEditView.swift in Sources */,
				F730F3CB27C3770E00507E71 /* ProfilesView.swift in Sources */,
				F7988A1527BF743A00E10648 /* SessionProgressViewStyle.swift in Sources */,
				F7988A1727BF77BD00E10648 /* TrailingIconLabelStyle.swift in Sources */,
				F7EF885B27C47939007BB502 /* ThemePickerView.swift in Sources */,
				F78A35DA27BF64600004ADE4 /* Profile.swift in Sources */,
				F730F3CD27C3786A00507E71 /* ProfileView.swift in Sources */,
				F7988A1D27BF8E7B00E10648 /* Session.swift in Sources */,
				F78A35E127BF6B900004ADE4 /* Theme.swift in Sources */,
				F78A35CB27BF64410004ADE4 /* CoachApp.swift in Sources */,
				F730F3D027C42B9A00507E71 /* SessionDetailView.swift in Sources */,
				F7EF885D27C479A6007BB502 /* ThemeView.swift in Sources */,
				F78A35DD27BF6AA00004ADE4 /* SessionView.swift in Sources */,
			);
			runOnlyForDeploymentPostprocessing = 0;
		};
/* End PBXSourcesBuildPhase section */

/* Begin XCBuildConfiguration section */
		F78A35D327BF64420004ADE4 /* Debug */ = {
			isa = XCBuildConfiguration;
			buildSettings = {
				ALWAYS_SEARCH_USER_PATHS = NO;
				CLANG_ANALYZER_NONNULL = YES;
				CLANG_ANALYZER_NUMBER_OBJECT_CONVERSION = YES_AGGRESSIVE;
				CLANG_CXX_LANGUAGE_STANDARD = "gnu++17";
				CLANG_CXX_LIBRARY = "libc++";
				CLANG_ENABLE_MODULES = YES;
				CLANG_ENABLE_OBJC_ARC = YES;
				CLANG_ENABLE_OBJC_WEAK = YES;
				CLANG_WARN_BLOCK_CAPTURE_AUTORELEASING = YES;
				CLANG_WARN_BOOL_CONVERSION = YES;
				CLANG_WARN_COMMA = YES;
				CLANG_WARN_CONSTANT_CONVERSION = YES;
				CLANG_WARN_DEPRECATED_OBJC_IMPLEMENTATIONS = YES;
				CLANG_WARN_DIRECT_OBJC_ISA_USAGE = YES_ERROR;
				CLANG_WARN_DOCUMENTATION_COMMENTS = YES;
				CLANG_WARN_EMPTY_BODY = YES;
				CLANG_WARN_ENUM_CONVERSION = YES;
				CLANG_WARN_INFINITE_RECURSION = YES;
				CLANG_WARN_INT_CONVERSION = YES;
				CLANG_WARN_NON_LITERAL_NULL_CONVERSION = YES;
				CLANG_WARN_OBJC_IMPLICIT_RETAIN_SELF = YES;
				CLANG_WARN_OBJC_LITERAL_CONVERSION = YES;
				CLANG_WARN_OBJC_ROOT_CLASS = YES_ERROR;
				CLANG_WARN_QUOTED_INCLUDE_IN_FRAMEWORK_HEADER = YES;
				CLANG_WARN_RANGE_LOOP_ANALYSIS = YES;
				CLANG_WARN_STRICT_PROTOTYPES = YES;
				CLANG_WARN_SUSPICIOUS_MOVE = YES;
				CLANG_WARN_UNGUARDED_AVAILABILITY = YES_AGGRESSIVE;
				CLANG_WARN_UNREACHABLE_CODE = YES;
				CLANG_WARN__DUPLICATE_METHOD_MATCH = YES;
				COPY_PHASE_STRIP = NO;
				DEBUG_INFORMATION_FORMAT = dwarf;
				ENABLE_STRICT_OBJC_MSGSEND = YES;
				ENABLE_TESTABILITY = YES;
				GCC_C_LANGUAGE_STANDARD = gnu11;
				GCC_DYNAMIC_NO_PIC = NO;
				GCC_NO_COMMON_BLOCKS = YES;
				GCC_OPTIMIZATION_LEVEL = 0;
				GCC_PREPROCESSOR_DEFINITIONS = (
					"DEBUG=1",
					"$(inherited)",
				);
				GCC_WARN_64_TO_32_BIT_CONVERSION = YES;
				GCC_WARN_ABOUT_RETURN_TYPE = YES_ERROR;
				GCC_WARN_UNDECLARED_SELECTOR = YES;
				GCC_WARN_UNINITIALIZED_AUTOS = YES_AGGRESSIVE;
				GCC_WARN_UNUSED_FUNCTION = YES;
				GCC_WARN_UNUSED_VARIABLE = YES;
				IPHONEOS_DEPLOYMENT_TARGET = 15.2;
				MTL_ENABLE_DEBUG_INFO = INCLUDE_SOURCE;
				MTL_FAST_MATH = YES;
				ONLY_ACTIVE_ARCH = YES;
				SDKROOT = iphoneos;
				SWIFT_ACTIVE_COMPILATION_CONDITIONS = DEBUG;
				SWIFT_OPTIMIZATION_LEVEL = "-Onone";
			};
			name = Debug;
		};
		F78A35D427BF64420004ADE4 /* Release */ = {
			isa = XCBuildConfiguration;
			buildSettings = {
				ALWAYS_SEARCH_USER_PATHS = NO;
				CLANG_ANALYZER_NONNULL = YES;
				CLANG_ANALYZER_NUMBER_OBJECT_CONVERSION = YES_AGGRESSIVE;
				CLANG_CXX_LANGUAGE_STANDARD = "gnu++17";
				CLANG_CXX_LIBRARY = "libc++";
				CLANG_ENABLE_MODULES = YES;
				CLANG_ENABLE_OBJC_ARC = YES;
				CLANG_ENABLE_OBJC_WEAK = YES;
				CLANG_WARN_BLOCK_CAPTURE_AUTORELEASING = YES;
				CLANG_WARN_BOOL_CONVERSION = YES;
				CLANG_WARN_COMMA = YES;
				CLANG_WARN_CONSTANT_CONVERSION = YES;
				CLANG_WARN_DEPRECATED_OBJC_IMPLEMENTATIONS = YES;
				CLANG_WARN_DIRECT_OBJC_ISA_USAGE = YES_ERROR;
				CLANG_WARN_DOCUMENTATION_COMMENTS = YES;
				CLANG_WARN_EMPTY_BODY = YES;
				CLANG_WARN_ENUM_CONVERSION = YES;
				CLANG_WARN_INFINITE_RECURSION = YES;
				CLANG_WARN_INT_CONVERSION = YES;
				CLANG_WARN_NON_LITERAL_NULL_CONVERSION = YES;
				CLANG_WARN_OBJC_IMPLICIT_RETAIN_SELF = YES;
				CLANG_WARN_OBJC_LITERAL_CONVERSION = YES;
				CLANG_WARN_OBJC_ROOT_CLASS = YES_ERROR;
				CLANG_WARN_QUOTED_INCLUDE_IN_FRAMEWORK_HEADER = YES;
				CLANG_WARN_RANGE_LOOP_ANALYSIS = YES;
				CLANG_WARN_STRICT_PROTOTYPES = YES;
				CLANG_WARN_SUSPICIOUS_MOVE = YES;
				CLANG_WARN_UNGUARDED_AVAILABILITY = YES_AGGRESSIVE;
				CLANG_WARN_UNREACHABLE_CODE = YES;
				CLANG_WARN__DUPLICATE_METHOD_MATCH = YES;
				COPY_PHASE_STRIP = NO;
				DEBUG_INFORMATION_FORMAT = "dwarf-with-dsym";
				ENABLE_NS_ASSERTIONS = NO;
				ENABLE_STRICT_OBJC_MSGSEND = YES;
				GCC_C_LANGUAGE_STANDARD = gnu11;
				GCC_NO_COMMON_BLOCKS = YES;
				GCC_WARN_64_TO_32_BIT_CONVERSION = YES;
				GCC_WARN_ABOUT_RETURN_TYPE = YES_ERROR;
				GCC_WARN_UNDECLARED_SELECTOR = YES;
				GCC_WARN_UNINITIALIZED_AUTOS = YES_AGGRESSIVE;
				GCC_WARN_UNUSED_FUNCTION = YES;
				GCC_WARN_UNUSED_VARIABLE = YES;
				IPHONEOS_DEPLOYMENT_TARGET = 15.2;
				MTL_ENABLE_DEBUG_INFO = NO;
				MTL_FAST_MATH = YES;
				SDKROOT = iphoneos;
				SWIFT_COMPILATION_MODE = wholemodule;
				SWIFT_OPTIMIZATION_LEVEL = "-O";
				VALIDATE_PRODUCT = YES;
			};
			name = Release;
		};
		F78A35D627BF64420004ADE4 /* Debug */ = {
			isa = XCBuildConfiguration;
			buildSettings = {
				ASSETCATALOG_COMPILER_APPICON_NAME = AppIcon;
				ASSETCATALOG_COMPILER_GLOBAL_ACCENT_COLOR_NAME = AccentColor;
				CODE_SIGN_STYLE = Automatic;
				CURRENT_PROJECT_VERSION = 1;
				DEVELOPMENT_ASSET_PATHS = "\"Coach/Preview Content\"";
				ENABLE_PREVIEWS = YES;
				GENERATE_INFOPLIST_FILE = YES;
				INFOPLIST_FILE = Coach/Info.plist;
				INFOPLIST_KEY_UIApplicationSceneManifest_Generation = YES;
				INFOPLIST_KEY_UIApplicationSupportsIndirectInputEvents = YES;
				INFOPLIST_KEY_UILaunchScreen_Generation = YES;
				INFOPLIST_KEY_UISupportedInterfaceOrientations_iPad = "UIInterfaceOrientationPortrait UIInterfaceOrientationPortraitUpsideDown UIInterfaceOrientationLandscapeLeft UIInterfaceOrientationLandscapeRight";
				INFOPLIST_KEY_UISupportedInterfaceOrientations_iPhone = "UIInterfaceOrientationPortrait UIInterfaceOrientationLandscapeLeft UIInterfaceOrientationLandscapeRight";
				IPHONEOS_DEPLOYMENT_TARGET = 15.0;
				LD_RUNPATH_SEARCH_PATHS = (
					"$(inherited)",
					"@executable_path/Frameworks",
				);
				MARKETING_VERSION = 0.0;
				PRODUCT_BUNDLE_IDENTIFIER = com.sudharkj.swift.coach;
				PRODUCT_NAME = "$(TARGET_NAME)";
				SWIFT_EMIT_LOC_STRINGS = YES;
				SWIFT_VERSION = 5.0;
				TARGETED_DEVICE_FAMILY = "1,2";
			};
			name = Debug;
		};
		F78A35D727BF64420004ADE4 /* Release */ = {
			isa = XCBuildConfiguration;
			buildSettings = {
				ASSETCATALOG_COMPILER_APPICON_NAME = AppIcon;
				ASSETCATALOG_COMPILER_GLOBAL_ACCENT_COLOR_NAME = AccentColor;
				CODE_SIGN_STYLE = Automatic;
				CURRENT_PROJECT_VERSION = 1;
				DEVELOPMENT_ASSET_PATHS = "\"Coach/Preview Content\"";
				ENABLE_PREVIEWS = YES;
				GENERATE_INFOPLIST_FILE = YES;
				INFOPLIST_FILE = Coach/Info.plist;
				INFOPLIST_KEY_UIApplicationSceneManifest_Generation = YES;
				INFOPLIST_KEY_UIApplicationSupportsIndirectInputEvents = YES;
				INFOPLIST_KEY_UILaunchScreen_Generation = YES;
				INFOPLIST_KEY_UISupportedInterfaceOrientations_iPad = "UIInterfaceOrientationPortrait UIInterfaceOrientationPortraitUpsideDown UIInterfaceOrientationLandscapeLeft UIInterfaceOrientationLandscapeRight";
				INFOPLIST_KEY_UISupportedInterfaceOrientations_iPhone = "UIInterfaceOrientationPortrait UIInterfaceOrientationLandscapeLeft UIInterfaceOrientationLandscapeRight";
				IPHONEOS_DEPLOYMENT_TARGET = 15.0;
				LD_RUNPATH_SEARCH_PATHS = (
					"$(inherited)",
					"@executable_path/Frameworks",
				);
				MARKETING_VERSION = 0.0;
				PRODUCT_BUNDLE_IDENTIFIER = com.sudharkj.swift.coach;
				PRODUCT_NAME = "$(TARGET_NAME)";
				SWIFT_EMIT_LOC_STRINGS = YES;
				SWIFT_VERSION = 5.0;
				TARGETED_DEVICE_FAMILY = "1,2";
			};
			name = Release;
		};
/* End XCBuildConfiguration section */

/* Begin XCConfigurationList section */
		F78A35C227BF64400004ADE4 /* Build configuration list for PBXProject "Coach" */ = {
			isa = XCConfigurationList;
			buildConfigurations = (
				F78A35D327BF64420004ADE4 /* Debug */,
				F78A35D427BF64420004ADE4 /* Release */,
			);
			defaultConfigurationIsVisible = 0;
			defaultConfigurationName = Release;
		};
		F78A35D527BF64420004ADE4 /* Build configuration list for PBXNativeTarget "Coach" */ = {
			isa = XCConfigurationList;
			buildConfigurations = (
				F78A35D627BF64420004ADE4 /* Debug */,
				F78A35D727BF64420004ADE4 /* Release */,
			);
			defaultConfigurationIsVisible = 0;
			defaultConfigurationName = Release;
		};
/* End XCConfigurationList section */
	};
	rootObject = F78A35BF27BF64400004ADE4 /* Project object */;
}
